
Microsoft Visual Studio Solution File, Format Version 12.00
# Visual Studio 15
VisualStudioVersion = 15.0.28307.572
MinimumVisualStudioVersion = 10.0.40219.1
Project("{8BC9CEB8-8B4A-11D0-8D11-00A0C91BC942}") = "native", "native\native.vcxproj", "{62D1350F-80A5-4726-BC8A-08B1ED37E2B8}"
EndProject
Project("{8BC9CEB8-8B4A-11D0-8D11-00A0C91BC942}") = "clr", "clr\clr.vcxproj", "{7F165803-4347-4591-AF03-C05DCC6E925A}"
EndProject
Project("{FAE04EC0-301F-11D3-BF4B-00C04F79EFBC}") = "cs", "cs\cs.csproj", "{E6A49C0F-12DB-47AA-905D-35B9E3C51B0C}"
EndProject
Global
	GlobalSection(SolutionConfigurationPlatforms) = preSolution
		Debug|Any CPU = Debug|Any CPU
		Debug|x64 = Debug|x64
		Debug|x86 = Debug|x86
		Release|Any CPU = Release|Any CPU
		Release|x64 = Release|x64
		Release|x86 = Release|x86
	EndGlobalSection
	GlobalSection(ProjectConfigurationPlatforms) = postSolution
		{62D1350F-80A5-4726-BC8A-08B1ED37E2B8}.Debug|Any CPU.ActiveCfg = Debug|Win32
		{62D1350F-80A5-4726-BC8A-08B1ED37E2B8}.Debug|x64.ActiveCfg = Debug|x64
		{62D1350F-80A5-4726-BC8A-08B1ED37E2B8}.Debug|x64.Build.0 = Debug|x64
		{62D1350F-80A5-4726-BC8A-08B1ED37E2B8}.Debug|x86.ActiveCfg = Debug|Win32
		{62D1350F-80A5-4726-BC8A-08B1ED37E2B8}.Debug|x86.Build.0 = Debug|Win32
		{62D1350F-80A5-4726-BC8A-08B1ED37E2B8}.Release|Any CPU.ActiveCfg = Release|Win32
		{62D1350F-80A5-4726-BC8A-08B1ED37E2B8}.Release|x64.ActiveCfg = Release|x64
		{62D1350F-80A5-4726-BC8A-08B1ED37E2B8}.Release|x64.Build.0 = Release|x64
		{62D1350F-80A5-4726-BC8A-08B1ED37E2B8}.Release|x86.ActiveCfg = Release|Win32
		{62D1350F-80A5-4726-BC8A-08B1ED37E2B8}.Release|x86.Build.0 = Release|Win32
		{7F165803-4347-4591-AF03-C05DCC6E925A}.Debug|Any CPU.ActiveCfg = Debug|Win32
		{7F165803-4347-4591-AF03-C05DCC6E925A}.Debug|x64.ActiveCfg = Debug|x64
		{7F165803-4347-4591-AF03-C05DCC6E925A}.Debug|x64.Build.0 = Debug|x64
		{7F165803-4347-4591-AF03-C05DCC6E925A}.Debug|x86.ActiveCfg = Debug|Win32
		{7F165803-4347-4591-AF03-C05DCC6E925A}.Debug|x86.Build.0 = Debug|Win32
		{7F165803-4347-4591-AF03-C05DCC6E925A}.Release|Any CPU.ActiveCfg = Release|Win32
		{7F165803-4347-4591-AF03-C05DCC6E925A}.Release|x64.ActiveCfg = Release|x64
		{7F165803-4347-4591-AF03-C05DCC6E925A}.Release|x64.Build.0 = Release|x64
		{7F165803-4347-4591-AF03-C05DCC6E925A}.Release|x86.ActiveCfg = Release|Win32
		{7F165803-4347-4591-AF03-C05DCC6E925A}.Release|x86.Build.0 = Release|Win32
		{E6A49C0F-12DB-47AA-905D-35B9E3C51B0C}.Debug|Any CPU.ActiveCfg = Debug|Any CPU
		{E6A49C0F-12DB-47AA-905D-35B9E3C51B0C}.Debug|Any CPU.Build.0 = Debug|Any CPU
		{E6A49C0F-12DB-47AA-905D-35B9E3C51B0C}.Debug|x64.ActiveCfg = Debug|Any CPU
		{E6A49C0F-12DB-47AA-905D-35B9E3C51B0C}.Debug|x64.Build.0 = Debug|Any CPU
		{E6A49C0F-12DB-47AA-905D-35B9E3C51B0C}.Debug|x86.ActiveCfg = Debug|Any CPU
		{E6A49C0F-12DB-47AA-905D-35B9E3C51B0C}.Debug|x86.Build.0 = Debug|Any CPU
		{E6A49C0F-12DB-47AA-905D-35B9E3C51B0C}.Release|Any CPU.ActiveCfg = Release|Any CPU
		{E6A49C0F-12DB-47AA-905D-35B9E3C51B0C}.Release|Any CPU.Build.0 = Release|Any CPU
		{E6A49C0F-12DB-47AA-905D-35B9E3C51B0C}.Release|x64.ActiveCfg = Release|Any CPU
		{E6A49C0F-12DB-47AA-905D-35B9E3C51B0C}.Release|x64.Build.0 = Release|Any CPU
		{E6A49C0F-12DB-47AA-905D-35B9E3C51B0C}.Release|x86.ActiveCfg = Release|Any CPU
		{E6A49C0F-12DB-47AA-905D-35B9E3C51B0C}.Release|x86.Build.0 = Release|Any CPU
	EndGlobalSection
	GlobalSection(SolutionProperties) = preSolution
		HideSolutionNode = FALSE
	EndGlobalSection
	GlobalSection(ExtensibilityGlobals) = postSolution
		SolutionGuid = {14593560-1157-4540-987A-52A630BBD530}
	EndGlobalSection
EndGlobal
